{
  "version": 4,
  "terraform_version": "1.14.5",
  "serial": 3,
  "lineage": "291cb5cf-b866-25d4-7ea9-726d68c2818d",
  "outputs": {
    "lambda_arn": {
      "value": "arn:aws:lambda:us-west-2:913826031520:function:terraform-demo-lambda",
      "type": "string"
    },
    "lambda_name": {
      "value": "terraform-demo-lambda",
      "type": "string"
    }
  },
  "resources": [
    {
      "mode": "data",
      "type": "archive_file",
      "name": "lambda_zip",
      "provider": "provider[\"registry.terraform.io/hashicorp/archive\"]",
      "instances": [
        {
          "schema_version": 0,
          "attributes": {
            "exclude_symlink_directories": null,
            "excludes": null,
            "id": "21f3f778eafac8aaa0feaa419b1281f7e51475b5",
            "output_base64sha256": "Cw31PzbF5vKQahs9xuw5TIytAeg/BPrIKLkIldfmAro=",
            "output_base64sha512": "miOmHmyu7602+Vi/r2ZmkoX5ZkxTGgisYvi8c2iuk/fVxP+2NbVhRYQ9G78vfWhnyNYii1Wth0xLkk3ytf+xag==",
            "output_file_mode": null,
            "output_md5": "8506d16dce16da32c16c1f156bdfb400",
            "output_path": "lambda_function.zip",
            "output_sha": "21f3f778eafac8aaa0feaa419b1281f7e51475b5",
            "output_sha256": "0b0df53f36c5e6f2906a1b3dc6ec394c8cad01e83f04fac828b90895d7e602ba",
            "output_sha512": "9a23a61e6caeefad36f958bfaf66669285f9664c531a08ac62f8bc7368ae93f7d5c4ffb635b56145843d1bbf2f7d6867c8d6228b55ad874c4b924df2b5ffb16a",
            "output_size": 279,
            "source": [],
            "source_content": null,
            "source_content_filename": null,
            "source_dir": null,
            "source_file": "lambda_function.py",
            "type": "zip"
          },
          "sensitive_attributes": [],
          "identity_schema_version": 0
        }
      ]
    },
    {
      "mode": "managed",
      "type": "aws_iam_role",
      "name": "lambda_role",
      "provider": "provider[\"registry.terraform.io/hashicorp/aws\"]",
      "instances": [
        {
          "schema_version": 0,
          "attributes": {
            "arn": "arn:aws:iam::913826031520:role/terraform_lambda_role",
            "assume_role_policy": "{\"Statement\":[{\"Action\":\"sts:AssumeRole\",\"Effect\":\"Allow\",\"Principal\":{\"Service\":\"lambda.amazonaws.com\"}}],\"Version\":\"2012-10-17\"}",
            "create_date": "2026-03-08T07:13:57Z",
            "description": "",
            "force_detach_policies": false,
            "id": "terraform_lambda_role",
            "inline_policy": [],
            "managed_policy_arns": [
              "arn:aws:iam::aws:policy/service-role/AWSLambdaBasicExecutionRole"
            ],
            "max_session_duration": 3600,
            "name": "terraform_lambda_role",
            "name_prefix": "",
            "path": "/",
            "permissions_boundary": "",
            "tags": {},
            "tags_all": {},
            "unique_id": "AROA5JRCGU6QLS3TSSFIG"
          },
          "sensitive_attributes": [],
          "identity_schema_version": 0,
          "private": "eyJzY2hlbWFfdmVyc2lvbiI6IjAifQ=="
        }
      ]
    },
    {
      "mode": "managed",
      "type": "aws_iam_role_policy_attachment",
      "name": "lambda_basic",
      "provider": "provider[\"registry.terraform.io/hashicorp/aws\"]",
      "instances": [
        {
          "schema_version": 0,
          "attributes": {
            "id": "terraform_lambda_role-arn:aws:iam::aws:policy/service-role/AWSLambdaBasicExecutionRole",
            "policy_arn": "arn:aws:iam::aws:policy/service-role/AWSLambdaBasicExecutionRole",
            "role": "terraform_lambda_role"
          },
          "sensitive_attributes": [],
          "identity_schema_version": 0,
          "private": "eyJzY2hlbWFfdmVyc2lvbiI6IjAifQ=="
        }
      ]
    },
    {
      "mode": "managed",
      "type": "aws_lambda_function",
      "name": "demo_lambda",
      "provider": "provider[\"registry.terraform.io/hashicorp/aws\"]",
      "instances": [
        {
          "schema_version": 0,
          "attributes": {
            "architectures": [
              "x86_64"
            ],
            "arn": "arn:aws:lambda:us-west-2:913826031520:function:terraform-demo-lambda",
            "code_signing_config_arn": "",
            "dead_letter_config": [],
            "description": "",
            "environment": [],
            "ephemeral_storage": [
              {
                "size": 512
              }
            ],
            "file_system_config": [],
            "filename": null,
            "function_name": "terraform-demo-lambda",
            "handler": "lambda_function.lambda_handler",
            "id": "terraform-demo-lambda",
            "image_config": [],
            "image_uri": "",
            "invoke_arn": "arn:aws:apigateway:us-west-2:lambda:path/2015-03-31/functions/arn:aws:lambda:us-west-2:913826031520:function:terraform-demo-lambda/invocations",
            "kms_key_arn": "",
            "last_modified": "2026-03-08T07:14:08.492+0000",
            "layers": [],
            "memory_size": 128,
            "package_type": "Zip",
            "publish": null,
            "qualified_arn": "arn:aws:lambda:us-west-2:913826031520:function:terraform-demo-lambda:$LATEST",
            "qualified_invoke_arn": "arn:aws:apigateway:us-west-2:lambda:path/2015-03-31/functions/arn:aws:lambda:us-west-2:913826031520:function:terraform-demo-lambda:$LATEST/invocations",
            "replace_security_groups_on_destroy": null,
            "replacement_security_group_ids": null,
            "reserved_concurrent_executions": -1,
            "role": "arn:aws:iam::913826031520:role/terraform_lambda_role",
            "runtime": "python3.11",
            "s3_bucket": null,
            "s3_key": null,
            "s3_object_version": null,
            "signing_job_arn": "",
            "signing_profile_version_arn": "",
            "skip_destroy": false,
            "snap_start": [],
            "source_code_hash": "Cw31PzbF5vKQahs9xuw5TIytAeg/BPrIKLkIldfmAro=",
            "source_code_size": 279,
            "tags": {},
            "tags_all": {},
            "timeout": 3,
            "timeouts": null,
            "tracing_config": [
              {
                "mode": "PassThrough"
              }
            ],
            "version": "$LATEST",
            "vpc_config": []
          },
          "sensitive_attributes": [],
          "identity_schema_version": 0,
          "private": "eyJlMmJmYjczMC1lY2FhLTExZTYtOGY4OC0zNDM2M2JjN2M0YzAiOnsiY3JlYXRlIjo2MDAwMDAwMDAwMDAsImRlbGV0ZSI6NjAwMDAwMDAwMDAwLCJ1cGRhdGUiOjYwMDAwMDAwMDAwMH0sInNjaGVtYV92ZXJzaW9uIjoiMCJ9"
        }
      ]
    }
  ],
  "check_results": null
}
