{
  "version": 4,
  "terraform_version": "1.14.5",
  "serial": 10,
  "lineage": "964ccdfd-08fd-f166-9a73-e2da71929f8a",
  "outputs": {
    "master_public_ip": {
      "value": "34.180.57.248",
      "type": "string"
    },
    "worker_public_ip": {
      "value": "34.100.182.113",
      "type": "string"
    }
  },
  "resources": [
    {
      "mode": "managed",
      "type": "google_compute_firewall",
      "name": "k8s_external",
      "provider": "provider[\"registry.terraform.io/hashicorp/google\"]",
      "instances": [
        {
          "schema_version": 1,
          "attributes": {
            "allow": [
              {
                "ports": [
                  "22",
                  "80",
                  "6443",
                  "30000-32767"
                ],
                "protocol": "tcp"
              }
            ],
            "creation_timestamp": "2026-03-23T08:10:45.667-07:00",
            "deny": [],
            "description": "",
            "destination_ranges": [],
            "direction": "INGRESS",
            "disabled": false,
            "enable_logging": null,
            "id": "projects/project-60f7c97c-3d96-48a1-908/global/firewalls/k8s-external",
            "log_config": [],
            "name": "k8s-external",
            "network": "https://www.googleapis.com/compute/v1/projects/project-60f7c97c-3d96-48a1-908/global/networks/k8s-vpc",
            "params": [],
            "priority": 1000,
            "project": "project-60f7c97c-3d96-48a1-908",
            "self_link": "https://www.googleapis.com/compute/v1/projects/project-60f7c97c-3d96-48a1-908/global/firewalls/k8s-external",
            "source_ranges": [
              "0.0.0.0/0"
            ],
            "source_service_accounts": [],
            "source_tags": [],
            "target_service_accounts": [],
            "target_tags": [
              "k8s-node"
            ],
            "timeouts": null
          },
          "sensitive_attributes": [],
          "identity_schema_version": 0,
          "private": "eyJlMmJmYjczMC1lY2FhLTExZTYtOGY4OC0zNDM2M2JjN2M0YzAiOnsiY3JlYXRlIjoxMjAwMDAwMDAwMDAwLCJkZWxldGUiOjEyMDAwMDAwMDAwMDAsInVwZGF0ZSI6MTIwMDAwMDAwMDAwMH0sInNjaGVtYV92ZXJzaW9uIjoiMSJ9",
          "dependencies": [
            "google_compute_network.vpc"
          ]
        }
      ]
    },
    {
      "mode": "managed",
      "type": "google_compute_firewall",
      "name": "k8s_internal",
      "provider": "provider[\"registry.terraform.io/hashicorp/google\"]",
      "instances": [
        {
          "schema_version": 1,
          "attributes": {
            "allow": [
              {
                "ports": [
                  "0-65535"
                ],
                "protocol": "tcp"
              },
              {
                "ports": [
                  "0-65535"
                ],
                "protocol": "udp"
              }
            ],
            "creation_timestamp": "2026-03-23T08:10:45.890-07:00",
            "deny": [],
            "description": "",
            "destination_ranges": [],
            "direction": "INGRESS",
            "disabled": false,
            "enable_logging": null,
            "id": "projects/project-60f7c97c-3d96-48a1-908/global/firewalls/k8s-internal",
            "log_config": [],
            "name": "k8s-internal",
            "network": "https://www.googleapis.com/compute/v1/projects/project-60f7c97c-3d96-48a1-908/global/networks/k8s-vpc",
            "params": [],
            "priority": 1000,
            "project": "project-60f7c97c-3d96-48a1-908",
            "self_link": "https://www.googleapis.com/compute/v1/projects/project-60f7c97c-3d96-48a1-908/global/firewalls/k8s-internal",
            "source_ranges": [
              "10.128.0.0/9"
            ],
            "source_service_accounts": [],
            "source_tags": [],
            "target_service_accounts": [],
            "target_tags": [
              "k8s-node"
            ],
            "timeouts": null
          },
          "sensitive_attributes": [],
          "identity_schema_version": 0,
          "private": "eyJlMmJmYjczMC1lY2FhLTExZTYtOGY4OC0zNDM2M2JjN2M0YzAiOnsiY3JlYXRlIjoxMjAwMDAwMDAwMDAwLCJkZWxldGUiOjEyMDAwMDAwMDAwMDAsInVwZGF0ZSI6MTIwMDAwMDAwMDAwMH0sInNjaGVtYV92ZXJzaW9uIjoiMSJ9",
          "dependencies": [
            "google_compute_network.vpc"
          ]
        }
      ]
    },
    {
      "mode": "managed",
      "type": "google_compute_instance",
      "name": "k8s_master",
      "provider": "provider[\"registry.terraform.io/hashicorp/google\"]",
      "instances": [
        {
          "schema_version": 6,
          "attributes": {
            "advanced_machine_features": [],
            "allow_stopping_for_update": null,
            "attached_disk": [],
            "boot_disk": [
              {
                "auto_delete": true,
                "device_name": "persistent-disk-0",
                "disk_encryption_key_raw": "",
                "disk_encryption_key_rsa": "",
                "disk_encryption_key_sha256": "",
                "disk_encryption_service_account": "",
                "force_attach": false,
                "guest_os_features": [
                  "VIRTIO_SCSI_MULTIQUEUE",
                  "SEV_CAPABLE",
                  "SEV_SNP_CAPABLE",
                  "SEV_LIVE_MIGRATABLE",
                  "SEV_LIVE_MIGRATABLE_V2",
                  "IDPF",
                  "TDX_CAPABLE",
                  "UEFI_COMPATIBLE",
                  "GVNIC"
                ],
                "initialize_params": [
                  {
                    "architecture": "X86_64",
                    "enable_confidential_compute": false,
                    "image": "https://www.googleapis.com/compute/v1/projects/ubuntu-os-cloud/global/images/ubuntu-2204-jammy-v20260313",
                    "labels": {},
                    "provisioned_iops": 0,
                    "provisioned_throughput": 0,
                    "resource_manager_tags": null,
                    "resource_policies": [],
                    "size": 10,
                    "snapshot": "",
                    "source_image_encryption_key": [],
                    "source_snapshot_encryption_key": [],
                    "storage_pool": "",
                    "type": "pd-standard"
                  }
                ],
                "interface": "",
                "kms_key_self_link": "",
                "mode": "READ_WRITE",
                "source": "https://www.googleapis.com/compute/v1/projects/project-60f7c97c-3d96-48a1-908/zones/asia-south1-a/disks/k8s-master"
              }
            ],
            "can_ip_forward": false,
            "confidential_instance_config": [],
            "cpu_platform": "Intel Broadwell",
            "creation_timestamp": "2026-03-23T08:24:38.236-07:00",
            "current_status": "RUNNING",
            "deletion_protection": false,
            "description": "",
            "desired_status": null,
            "effective_labels": {
              "goog-terraform-provisioned": "true"
            },
            "enable_display": false,
            "guest_accelerator": [],
            "hostname": "",
            "id": "projects/project-60f7c97c-3d96-48a1-908/zones/asia-south1-a/instances/k8s-master",
            "instance_encryption_key": [],
            "instance_id": "2337692922095134174",
            "key_revocation_action_type": "",
            "label_fingerprint": "vezUS-42LLM=",
            "labels": null,
            "machine_type": "e2-standard-2",
            "metadata": null,
            "metadata_fingerprint": "yxWdQ3czQ5o=",
            "metadata_startup_script": "#!/bin/bash\nset -e\n\nPOD_CIDR=\"10.244.0.0/16\"\n\napt-get update -y\napt-get upgrade -y\n\nswapoff -a\nsed -i '/ swap / s/^/#/' /etc/fstab\n\nmodprobe overlay\nmodprobe br_netfilter\n\ncat \u003c\u003cEOF | tee /etc/modules-load.d/k8s.conf\noverlay\nbr_netfilter\nEOF\n\ncat \u003c\u003cEOF | tee /etc/sysctl.d/k8s.conf\nnet.bridge.bridge-nf-call-iptables  = 1\nnet.bridge.bridge-nf-call-ip6tables = 1\nnet.ipv4.ip_forward                 = 1\nEOF\n\nsysctl --system\n\n# containerd\napt-get install -y containerd\nmkdir -p /etc/containerd\n\ncontainerd config default | tee /etc/containerd/config.toml\nsed -i 's/SystemdCgroup = false/SystemdCgroup = true/' /etc/containerd/config.toml\nsed -i 's/disabled_plugins = \\[\"cri\"\\]/#disabled_plugins = \\[\"cri\"\\]/' /etc/containerd/config.toml\n\nsystemctl restart containerd\nsystemctl enable containerd\n\n# Kubernetes\napt-get install -y apt-transport-https ca-certificates curl gpg\n\nmkdir -p /etc/apt/keyrings\n\ncurl -fsSL https://pkgs.k8s.io/core:/stable:/v1.29/deb/Release.key | gpg --dearmor -o /etc/apt/keyrings/kubernetes-apt-keyring.gpg\n\necho 'deb [signed-by=/etc/apt/keyrings/kubernetes-apt-keyring.gpg] https://pkgs.k8s.io/core:/stable:/v1.29/deb/ /' \\\n  | tee /etc/apt/sources.list.d/kubernetes.list\n\napt-get update -y\napt-get install -y kubelet kubeadm kubectl\napt-mark hold kubelet kubeadm kubectl\n\nsystemctl enable kubelet\n\n# INIT\nkubeadm init \\\n  --pod-network-cidr=${POD_CIDR} \\\n  --apiserver-advertise-address=$(hostname -I | awk '{print $1}') \\\n  \u003e /root/kubeinit.log\n\nmkdir -p /root/.kube\ncp /etc/kubernetes/admin.conf /root/.kube/config\n\n# GCP METADATA FIX\nPUBLIC_IP=$(curl -H \"Metadata-Flavor: Google\" \\\nhttp://metadata.google.internal/computeMetadata/v1/instance/network-interfaces/0/access-configs/0/external-ip)\n\ncp /etc/kubernetes/admin.conf /home/ubuntu/kubeconfig\nsed -i \"s#server: https://.*:6443#server: https://${PUBLIC_IP}:6443#g\" /home/ubuntu/kubeconfig\nchown ubuntu:ubuntu /home/ubuntu/kubeconfig\nchmod 600 /home/ubuntu/kubeconfig\n\nexport KUBECONFIG=/etc/kubernetes/admin.conf\n\nuntil kubectl get nodes; do sleep 5; done\n\nkubectl apply -f https://raw.githubusercontent.com/flannel-io/flannel/master/Documentation/kube-flannel.yml\n\nkubectl taint nodes --all node-role.kubernetes.io/control-plane- || true\n\nmkdir -p /var/lib/kubeadm\nkubeadm token create --print-join-command \u003e /var/lib/kubeadm/join.sh\nchmod +x /var/lib/kubeadm/join.sh\n\napt-get install -y python3\ncd /var/lib/kubeadm\nnohup python3 -m http.server 8080 \u0026\n\nkubectl get nodes \u003e /root/node-status.txt\nkubectl get pods -A \u003e /root/pods-status.txt\n",
            "min_cpu_platform": "",
            "name": "k8s-master",
            "network_interface": [
              {
                "access_config": [
                  {
                    "nat_ip": "34.180.57.248",
                    "network_tier": "PREMIUM",
                    "public_ptr_domain_name": ""
                  }
                ],
                "alias_ip_range": [],
                "igmp_query": "",
                "internal_ipv6_prefix_length": 0,
                "ipv6_access_config": [],
                "ipv6_access_type": "",
                "ipv6_address": "",
                "name": "nic0",
                "network": "https://www.googleapis.com/compute/v1/projects/project-60f7c97c-3d96-48a1-908/global/networks/k8s-vpc",
                "network_attachment": "",
                "network_ip": "10.160.0.2",
                "nic_type": "",
                "parent_nic_name": "",
                "queue_count": 0,
                "stack_type": "IPV4_ONLY",
                "subnetwork": "https://www.googleapis.com/compute/v1/projects/project-60f7c97c-3d96-48a1-908/regions/asia-south1/subnetworks/k8s-vpc",
                "subnetwork_project": "project-60f7c97c-3d96-48a1-908",
                "vlan": 0
              }
            ],
            "network_performance_config": [],
            "params": [],
            "project": "project-60f7c97c-3d96-48a1-908",
            "reservation_affinity": [],
            "resource_policies": null,
            "scheduling": [
              {
                "automatic_restart": true,
                "availability_domain": 0,
                "instance_termination_action": "",
                "local_ssd_recovery_timeout": [],
                "max_run_duration": [],
                "min_node_cpus": 0,
                "node_affinities": [],
                "on_host_maintenance": "MIGRATE",
                "on_instance_stop_action": [],
                "preemptible": false,
                "provisioning_model": "STANDARD",
                "termination_time": ""
              }
            ],
            "scratch_disk": [],
            "self_link": "https://www.googleapis.com/compute/v1/projects/project-60f7c97c-3d96-48a1-908/zones/asia-south1-a/instances/k8s-master",
            "service_account": [],
            "shielded_instance_config": [
              {
                "enable_integrity_monitoring": true,
                "enable_secure_boot": false,
                "enable_vtpm": true
              }
            ],
            "tags": [
              "k8s-node"
            ],
            "tags_fingerprint": "PMlaEWobTyo=",
            "terraform_labels": {
              "goog-terraform-provisioned": "true"
            },
            "timeouts": null,
            "zone": "asia-south1-a"
          },
          "sensitive_attributes": [
            [
              {
                "type": "get_attr",
                "value": "boot_disk"
              },
              {
                "type": "index",
                "value": {
                  "value": 0,
                  "type": "number"
                }
              },
              {
                "type": "get_attr",
                "value": "disk_encryption_key_raw"
              }
            ],
            [
              {
                "type": "get_attr",
                "value": "boot_disk"
              },
              {
                "type": "index",
                "value": {
                  "value": 0,
                  "type": "number"
                }
              },
              {
                "type": "get_attr",
                "value": "disk_encryption_key_rsa"
              }
            ]
          ],
          "identity_schema_version": 0,
          "private": "eyJlMmJmYjczMC1lY2FhLTExZTYtOGY4OC0zNDM2M2JjN2M0YzAiOnsiY3JlYXRlIjoxMjAwMDAwMDAwMDAwLCJkZWxldGUiOjEyMDAwMDAwMDAwMDAsInVwZGF0ZSI6MTIwMDAwMDAwMDAwMH0sInNjaGVtYV92ZXJzaW9uIjoiNiJ9",
          "dependencies": [
            "google_compute_network.vpc"
          ]
        }
      ]
    },
    {
      "mode": "managed",
      "type": "google_compute_instance",
      "name": "k8s_worker",
      "provider": "provider[\"registry.terraform.io/hashicorp/google\"]",
      "instances": [
        {
          "schema_version": 6,
          "attributes": {
            "advanced_machine_features": [],
            "allow_stopping_for_update": null,
            "attached_disk": [],
            "boot_disk": [
              {
                "auto_delete": true,
                "device_name": "persistent-disk-0",
                "disk_encryption_key_raw": "",
                "disk_encryption_key_rsa": "",
                "disk_encryption_key_sha256": "",
                "disk_encryption_service_account": "",
                "force_attach": false,
                "guest_os_features": [
                  "VIRTIO_SCSI_MULTIQUEUE",
                  "SEV_CAPABLE",
                  "SEV_SNP_CAPABLE",
                  "SEV_LIVE_MIGRATABLE",
                  "SEV_LIVE_MIGRATABLE_V2",
                  "IDPF",
                  "TDX_CAPABLE",
                  "UEFI_COMPATIBLE",
                  "GVNIC"
                ],
                "initialize_params": [
                  {
                    "architecture": "X86_64",
                    "enable_confidential_compute": false,
                    "image": "https://www.googleapis.com/compute/v1/projects/ubuntu-os-cloud/global/images/ubuntu-2204-jammy-v20260313",
                    "labels": {},
                    "provisioned_iops": 0,
                    "provisioned_throughput": 0,
                    "resource_manager_tags": null,
                    "resource_policies": [],
                    "size": 10,
                    "snapshot": "",
                    "source_image_encryption_key": [],
                    "source_snapshot_encryption_key": [],
                    "storage_pool": "",
                    "type": "pd-standard"
                  }
                ],
                "interface": "",
                "kms_key_self_link": "",
                "mode": "READ_WRITE",
                "source": "https://www.googleapis.com/compute/v1/projects/project-60f7c97c-3d96-48a1-908/zones/asia-south1-a/disks/k8s-worker"
              }
            ],
            "can_ip_forward": false,
            "confidential_instance_config": [],
            "cpu_platform": "Intel Broadwell",
            "creation_timestamp": "2026-03-23T08:25:17.466-07:00",
            "current_status": "RUNNING",
            "deletion_protection": false,
            "description": "",
            "desired_status": null,
            "effective_labels": {
              "goog-terraform-provisioned": "true"
            },
            "enable_display": false,
            "guest_accelerator": [],
            "hostname": "",
            "id": "projects/project-60f7c97c-3d96-48a1-908/zones/asia-south1-a/instances/k8s-worker",
            "instance_encryption_key": [],
            "instance_id": "9198708671271200178",
            "key_revocation_action_type": "",
            "label_fingerprint": "vezUS-42LLM=",
            "labels": null,
            "machine_type": "e2-standard-2",
            "metadata": null,
            "metadata_fingerprint": "UsNMf2bEQFs=",
            "metadata_startup_script": "#!/bin/bash\nset -e\n\nMASTER_IP=\"10.160.0.2\"\n\napt-get update -y\napt-get upgrade -y\n\nswapoff -a\nsed -i '/ swap / s/^/#/' /etc/fstab\n\nmodprobe overlay\nmodprobe br_netfilter\n\ncat \u003c\u003cEOF | tee /etc/modules-load.d/k8s.conf\noverlay\nbr_netfilter\nEOF\n\ncat \u003c\u003cEOF | tee /etc/sysctl.d/k8s.conf\nnet.bridge.bridge-nf-call-iptables  = 1\nnet.bridge.bridge-nf-call-ip6tables = 1\nnet.ipv4.ip_forward                 = 1\nEOF\n\nsysctl --system\n\napt-get install -y containerd\nmkdir -p /etc/containerd\n\ncontainerd config default | tee /etc/containerd/config.toml\nsed -i 's/SystemdCgroup = false/SystemdCgroup = true/' /etc/containerd/config.toml\nsed -i 's/disabled_plugins = \\[\"cri\"\\]/#disabled_plugins = \\[\"cri\"\\]/' /etc/containerd/config.toml\n\nsystemctl restart containerd\nsystemctl enable containerd\n\napt-get install -y apt-transport-https ca-certificates curl gpg\n\nmkdir -p /etc/apt/keyrings\n\ncurl -fsSL https://pkgs.k8s.io/core:/stable:/v1.29/deb/Release.key | gpg --dearmor -o /etc/apt/keyrings/kubernetes-apt-keyring.gpg\n\necho 'deb [signed-by=/etc/apt/keyrings/kubernetes-apt-keyring.gpg] https://pkgs.k8s.io/core:/stable:/v1.29/deb/ /' \\\n  | tee /etc/apt/sources.list.d/kubernetes.list\n\napt-get update -y\napt-get install -y kubelet kubeadm\napt-mark hold kubelet kubeadm\n\nsystemctl enable kubelet\n\n# Wait for master\nuntil curl -sf http://10.160.0.2:8080/join.sh -o /join.sh; do\n  sleep 10\ndone\n\nchmod +x /join.sh\n/join.sh\n",
            "min_cpu_platform": "",
            "name": "k8s-worker",
            "network_interface": [
              {
                "access_config": [
                  {
                    "nat_ip": "34.100.182.113",
                    "network_tier": "PREMIUM",
                    "public_ptr_domain_name": ""
                  }
                ],
                "alias_ip_range": [],
                "igmp_query": "",
                "internal_ipv6_prefix_length": 0,
                "ipv6_access_config": [],
                "ipv6_access_type": "",
                "ipv6_address": "",
                "name": "nic0",
                "network": "https://www.googleapis.com/compute/v1/projects/project-60f7c97c-3d96-48a1-908/global/networks/k8s-vpc",
                "network_attachment": "",
                "network_ip": "10.160.0.3",
                "nic_type": "",
                "parent_nic_name": "",
                "queue_count": 0,
                "stack_type": "IPV4_ONLY",
                "subnetwork": "https://www.googleapis.com/compute/v1/projects/project-60f7c97c-3d96-48a1-908/regions/asia-south1/subnetworks/k8s-vpc",
                "subnetwork_project": "project-60f7c97c-3d96-48a1-908",
                "vlan": 0
              }
            ],
            "network_performance_config": [],
            "params": [],
            "project": "project-60f7c97c-3d96-48a1-908",
            "reservation_affinity": [],
            "resource_policies": null,
            "scheduling": [
              {
                "automatic_restart": true,
                "availability_domain": 0,
                "instance_termination_action": "",
                "local_ssd_recovery_timeout": [],
                "max_run_duration": [],
                "min_node_cpus": 0,
                "node_affinities": [],
                "on_host_maintenance": "MIGRATE",
                "on_instance_stop_action": [],
                "preemptible": false,
                "provisioning_model": "STANDARD",
                "termination_time": ""
              }
            ],
            "scratch_disk": [],
            "self_link": "https://www.googleapis.com/compute/v1/projects/project-60f7c97c-3d96-48a1-908/zones/asia-south1-a/instances/k8s-worker",
            "service_account": [],
            "shielded_instance_config": [
              {
                "enable_integrity_monitoring": true,
                "enable_secure_boot": false,
                "enable_vtpm": true
              }
            ],
            "tags": [
              "k8s-node"
            ],
            "tags_fingerprint": "PMlaEWobTyo=",
            "terraform_labels": {
              "goog-terraform-provisioned": "true"
            },
            "timeouts": null,
            "zone": "asia-south1-a"
          },
          "sensitive_attributes": [
            [
              {
                "type": "get_attr",
                "value": "boot_disk"
              },
              {
                "type": "index",
                "value": {
                  "value": 0,
                  "type": "number"
                }
              },
              {
                "type": "get_attr",
                "value": "disk_encryption_key_raw"
              }
            ],
            [
              {
                "type": "get_attr",
                "value": "boot_disk"
              },
              {
                "type": "index",
                "value": {
                  "value": 0,
                  "type": "number"
                }
              },
              {
                "type": "get_attr",
                "value": "disk_encryption_key_rsa"
              }
            ]
          ],
          "identity_schema_version": 0,
          "private": "eyJlMmJmYjczMC1lY2FhLTExZTYtOGY4OC0zNDM2M2JjN2M0YzAiOnsiY3JlYXRlIjoxMjAwMDAwMDAwMDAwLCJkZWxldGUiOjEyMDAwMDAwMDAwMDAsInVwZGF0ZSI6MTIwMDAwMDAwMDAwMH0sInNjaGVtYV92ZXJzaW9uIjoiNiJ9",
          "dependencies": [
            "google_compute_instance.k8s_master",
            "google_compute_network.vpc"
          ]
        }
      ]
    },
    {
      "mode": "managed",
      "type": "google_compute_network",
      "name": "vpc",
      "provider": "provider[\"registry.terraform.io/hashicorp/google\"]",
      "instances": [
        {
          "schema_version": 0,
          "attributes": {
            "auto_create_subnetworks": true,
            "bgp_always_compare_med": false,
            "bgp_best_path_selection_mode": "LEGACY",
            "bgp_inter_region_cost": "",
            "delete_bgp_always_compare_med": false,
            "delete_default_routes_on_create": false,
            "description": "",
            "enable_ula_internal_ipv6": false,
            "gateway_ipv4": "",
            "id": "projects/project-60f7c97c-3d96-48a1-908/global/networks/k8s-vpc",
            "internal_ipv6_range": "",
            "mtu": 0,
            "name": "k8s-vpc",
            "network_firewall_policy_enforcement_order": "AFTER_CLASSIC_FIREWALL",
            "network_id": "3331881179995236646",
            "network_profile": "",
            "numeric_id": "3331881179995236646",
            "params": [],
            "project": "project-60f7c97c-3d96-48a1-908",
            "routing_mode": "REGIONAL",
            "self_link": "https://www.googleapis.com/compute/v1/projects/project-60f7c97c-3d96-48a1-908/global/networks/k8s-vpc",
            "timeouts": null
          },
          "sensitive_attributes": [],
          "identity_schema_version": 0,
          "private": "eyJlMmJmYjczMC1lY2FhLTExZTYtOGY4OC0zNDM2M2JjN2M0YzAiOnsiY3JlYXRlIjoxMjAwMDAwMDAwMDAwLCJkZWxldGUiOjEyMDAwMDAwMDAwMDAsInVwZGF0ZSI6MTIwMDAwMDAwMDAwMH19"
        }
      ]
    }
  ],
  "check_results": null
}
